
Microsoft Visual Studio Solution File, Format Version 12.00
# Visual Studio Version 16
VisualStudioVersion = 16.0.29215.179
MinimumVisualStudioVersion = 10.0.40219.1
Project("{FAE04EC0-301F-11D3-BF4B-00C04F79EFBC}") = "Logo Formative", "Logo Formative\Logo Formative.csproj", "{8BFF008D-CA51-4F26-A543-2B0A55338BEA}"
EndProject
Global
	GlobalSection(SolutionConfigurationPlatforms) = preSolution
		Debug|Any CPU = Debug|Any CPU
		Release|Any CPU = Release|Any CPU
	EndGlobalSection
	GlobalSection(ProjectConfigurationPlatforms) = postSolution
		{8BFF008D-CA51-4F26-A543-2B0A55338BEA}.Debug|Any CPU.ActiveCfg = Debug|Any CPU
		{8BFF008D-CA51-4F26-A543-2B0A55338BEA}.Debug|Any CPU.Build.0 = Debug|Any CPU
		{8BFF008D-CA51-4F26-A543-2B0A55338BEA}.Release|Any CPU.ActiveCfg = Release|Any CPU
		{8BFF008D-CA51-4F26-A543-2B0A55338BEA}.Release|Any CPU.Build.0 = Release|Any CPU
	EndGlobalSection
	GlobalSection(SolutionProperties) = preSolution
		HideSolutionNode = FALSE
	EndGlobalSection
	GlobalSection(ExtensibilityGlobals) = postSolution
		SolutionGuid = {A111A681-CB58-448C-8BB7-E6A689AD07B1}
	EndGlobalSection
EndGlobal
